
Microsoft Visual Studio Solution File, Format Version 12.00
# Visual Studio 2013
VisualStudioVersion = 12.0.40629.0
MinimumVisualStudioVersion = 10.0.40219.1
Project("{FAE04EC0-301F-11D3-BF4B-00C04F79EFBC}") = "iLium", "iLium\iLium.csproj", "{0E3888B9-1223-411A-A143-DF6B275CA2AB}"
EndProject
Project("{FAE04EC0-301F-11D3-BF4B-00C04F79EFBC}") = "iLium.Test", "Test\iLium.Test.csproj", "{98347675-0243-45D7-8288-A1AAFBBD9EE9}"
EndProject
Global
	GlobalSection(SolutionConfigurationPlatforms) = preSolution
		Debug|Any CPU = Debug|Any CPU
		Release|Any CPU = Release|Any CPU
	EndGlobalSection
	GlobalSection(ProjectConfigurationPlatforms) = postSolution
		{0E3888B9-1223-411A-A143-DF6B275CA2AB}.Debug|Any CPU.ActiveCfg = Debug|Any CPU
		{0E3888B9-1223-411A-A143-DF6B275CA2AB}.Debug|Any CPU.Build.0 = Debug|Any CPU
		{0E3888B9-1223-411A-A143-DF6B275CA2AB}.Release|Any CPU.ActiveCfg = Release|Any CPU
		{0E3888B9-1223-411A-A143-DF6B275CA2AB}.Release|Any CPU.Build.0 = Release|Any CPU
		{98347675-0243-45D7-8288-A1AAFBBD9EE9}.Debug|Any CPU.ActiveCfg = Debug|Any CPU
		{98347675-0243-45D7-8288-A1AAFBBD9EE9}.Debug|Any CPU.Build.0 = Debug|Any CPU
		{98347675-0243-45D7-8288-A1AAFBBD9EE9}.Release|Any CPU.ActiveCfg = Release|Any CPU
		{98347675-0243-45D7-8288-A1AAFBBD9EE9}.Release|Any CPU.Build.0 = Release|Any CPU
	EndGlobalSection
	GlobalSection(SolutionProperties) = preSolution
		HideSolutionNode = FALSE
	EndGlobalSection
EndGlobal
